{
  "name": "Formacoes-Alura__Basico",
  "lockfileVersion": 3,
  "requires": true,
  "packages": {
    "": {
      "dependencies": {
        "swiper": "^11.1.4"
      },
      "devDependencies": {
        "prettier": "^3.3.2"
      }
    },
    "node_modules/prettier": {
      "version": "3.3.2",
      "resolved": "https://registry.npmjs.org/prettier/-/prettier-3.3.2.tgz",
      "integrity": "sha512-rAVeHYMcv8ATV5d508CFdn+8/pHPpXeIid1DdrPwXnaAdH7cqjVbpJaT5eq4yRAFU/lsbwYwSF/n5iNrdJHPQA==",
      "dev": true,
      "bin": {
        "prettier": "bin/prettier.cjs"
      },
      "engines": {
        "node": ">=14"
      },
      "funding": {
        "url": "https://github.com/prettier/prettier?sponsor=1"
      }
    },
    "node_modules/swiper": {
      "version": "11.1.4",
      "resolved": "https://registry.npmjs.org/swiper/-/swiper-11.1.4.tgz",
      "integrity": "sha512-1n7kbYJB2dFEpUHRFszq7gys/ofIBrMNibwTiMvPHwneKND/t9kImnHt6CfGPScMHgI+dWMbGTycCKGMoOO1KA==",
      "funding": [
        {
          "type": "patreon",
          "url": "https://www.patreon.com/swiperjs"
        },
        {
          "type": "open_collective",
          "url": "http://opencollective.com/swiper"
        }
      ],
      "engines": {
        "node": ">= 4.7.0"
      }
    }
  }
}
